
Microsoft Visual Studio Solution File, Format Version 12.00
# Visual Studio Version 17
VisualStudioVersion = 17.1.32228.430
MinimumVisualStudioVersion = 10.0.40219.1
Project("{FAE04EC0-301F-11D3-BF4B-00C04F79EFBC}") = "Quiz2", "Quiz2.csproj", "{27AA1893-F5C8-4EED-BD6B-014CEB018BA9}"
EndProject
Global
	GlobalSection(SolutionConfigurationPlatforms) = preSolution
		Debug|Any CPU = Debug|Any CPU
		Release|Any CPU = Release|Any CPU
	EndGlobalSection
	GlobalSection(ProjectConfigurationPlatforms) = postSolution
		{27AA1893-F5C8-4EED-BD6B-014CEB018BA9}.Debug|Any CPU.ActiveCfg = Debug|Any CPU
		{27AA1893-F5C8-4EED-BD6B-014CEB018BA9}.Debug|Any CPU.Build.0 = Debug|Any CPU
		{27AA1893-F5C8-4EED-BD6B-014CEB018BA9}.Release|Any CPU.ActiveCfg = Release|Any CPU
		{27AA1893-F5C8-4EED-BD6B-014CEB018BA9}.Release|Any CPU.Build.0 = Release|Any CPU
	EndGlobalSection
	GlobalSection(SolutionProperties) = preSolution
		HideSolutionNode = FALSE
	EndGlobalSection
	GlobalSection(ExtensibilityGlobals) = postSolution
		SolutionGuid = {E54EAF63-EBEA-442F-B147-6FE0B175AE87}
	EndGlobalSection
EndGlobal
